{
  "name": "pyodide-check",
  "lockfileVersion": 3,
  "requires": true,
  "packages": {
    "": {
      "name": "pyodide-check",
      "dependencies": {
        "pyodide": "0.28.3"
      }
    },
    "node_modules/pyodide": {
      "version": "0.28.3",
      "resolved": "https://registry.npmjs.org/pyodide/-/pyodide-0.28.3.tgz",
      "integrity": "sha512-rtCsyTU55oNGpLzSVuAd55ZvruJDEX8o6keSdWKN9jPeBVSNlynaKFG7eRqkiIgU7i2M6HEgYtm0atCEQX3u4A==",
      "license": "MPL-2.0",
      "dependencies": {
        "ws": "^8.5.0"
      },
      "engines": {
        "node": ">=18.0.0"
      }
    },
    "node_modules/ws": {
      "version": "8.21.3",
      "resolved": "https://registry.npmjs.org/ws/-/ws-8.21.3.tgz",
      "integrity": "sha512-201TZ/kPWxoPr/OKWjquZR1SWKXcvxdH+e1xrx89b3YbmzLMFCLfnaG1HFIgWzJOEWZ7MvpK++odZufgYR50Rw==",
      "license": "MIT",
      "engines": {
        "node": ">=10.0.0"
      },
      "peerDependencies": {
        "bufferutil": "^4.0.1",
        "utf-8-validate": ">=5.0.2"
      },
      "peerDependenciesMeta": {
        "bufferutil": {
          "optional": true
        },
        "utf-8-validate": {
          "optional": true
        }
      }
    }
  }
}
